
Microsoft Visual Studio Solution File, Format Version 12.00
# Visual Studio Version 17
VisualStudioVersion = 17.0.31717.71
MinimumVisualStudioVersion = 10.0.40219.1
Project("{FAE04EC0-301F-11D3-BF4B-00C04F79EFBC}") = "BlogSite", "BlogSite\BlogSite.csproj", "{678DD80E-D8C1-4ADF-8E60-E053D2E602B6}"
EndProject
Project("{FAE04EC0-301F-11D3-BF4B-00C04F79EFBC}") = "BlogSite.Data", "Blog.Data\BlogSite.Data.csproj", "{4CA74BB6-8377-4797-AE7E-763A57E97984}"
EndProject
Project("{FAE04EC0-301F-11D3-BF4B-00C04F79EFBC}") = "BlogSite.Services", "BlogSite.Service\BlogSite.Services.csproj", "{4C57D7BA-708D-4553-9F81-8EED80449E82}"
EndProject
Project("{FAE04EC0-301F-11D3-BF4B-00C04F79EFBC}") = "BlogSite.ViewModels", "BlogSite.ViewModels\BlogSite.ViewModels.csproj", "{F6A947EB-CD00-4C4C-B0D6-EC9807B4BA7E}"
EndProject
Project("{FAE04EC0-301F-11D3-BF4B-00C04F79EFBC}") = "BlogSite.Infrastructure", "BlogSite.Infrastructure\BlogSite.Infrastructure.csproj", "{DB57F873-B138-4506-B7EE-D9E977A8E675}"
EndProject
Project("{FAE04EC0-301F-11D3-BF4B-00C04F79EFBC}") = "BlogSite.Utils", "BlogSite.Utils\BlogSite.Utils.csproj", "{96AD2BC4-E1BD-47C8-B826-C3076B8FFCDB}"
EndProject
Global
	GlobalSection(SolutionConfigurationPlatforms) = preSolution
		Debug|Any CPU = Debug|Any CPU
		Release|Any CPU = Release|Any CPU
	EndGlobalSection
	GlobalSection(ProjectConfigurationPlatforms) = postSolution
		{678DD80E-D8C1-4ADF-8E60-E053D2E602B6}.Debug|Any CPU.ActiveCfg = Debug|Any CPU
		{678DD80E-D8C1-4ADF-8E60-E053D2E602B6}.Debug|Any CPU.Build.0 = Debug|Any CPU
		{678DD80E-D8C1-4ADF-8E60-E053D2E602B6}.Release|Any CPU.ActiveCfg = Release|Any CPU
		{678DD80E-D8C1-4ADF-8E60-E053D2E602B6}.Release|Any CPU.Build.0 = Release|Any CPU
		{4CA74BB6-8377-4797-AE7E-763A57E97984}.Debug|Any CPU.ActiveCfg = Debug|Any CPU
		{4CA74BB6-8377-4797-AE7E-763A57E97984}.Debug|Any CPU.Build.0 = Debug|Any CPU
		{4CA74BB6-8377-4797-AE7E-763A57E97984}.Release|Any CPU.ActiveCfg = Release|Any CPU
		{4CA74BB6-8377-4797-AE7E-763A57E97984}.Release|Any CPU.Build.0 = Release|Any CPU
		{4C57D7BA-708D-4553-9F81-8EED80449E82}.Debug|Any CPU.ActiveCfg = Debug|Any CPU
		{4C57D7BA-708D-4553-9F81-8EED80449E82}.Debug|Any CPU.Build.0 = Debug|Any CPU
		{4C57D7BA-708D-4553-9F81-8EED80449E82}.Release|Any CPU.ActiveCfg = Release|Any CPU
		{4C57D7BA-708D-4553-9F81-8EED80449E82}.Release|Any CPU.Build.0 = Release|Any CPU
		{F6A947EB-CD00-4C4C-B0D6-EC9807B4BA7E}.Debug|Any CPU.ActiveCfg = Debug|Any CPU
		{F6A947EB-CD00-4C4C-B0D6-EC9807B4BA7E}.Debug|Any CPU.Build.0 = Debug|Any CPU
		{F6A947EB-CD00-4C4C-B0D6-EC9807B4BA7E}.Release|Any CPU.ActiveCfg = Release|Any CPU
		{F6A947EB-CD00-4C4C-B0D6-EC9807B4BA7E}.Release|Any CPU.Build.0 = Release|Any CPU
		{DB57F873-B138-4506-B7EE-D9E977A8E675}.Debug|Any CPU.ActiveCfg = Debug|Any CPU
		{DB57F873-B138-4506-B7EE-D9E977A8E675}.Debug|Any CPU.Build.0 = Debug|Any CPU
		{DB57F873-B138-4506-B7EE-D9E977A8E675}.Release|Any CPU.ActiveCfg = Release|Any CPU
		{DB57F873-B138-4506-B7EE-D9E977A8E675}.Release|Any CPU.Build.0 = Release|Any CPU
		{96AD2BC4-E1BD-47C8-B826-C3076B8FFCDB}.Debug|Any CPU.ActiveCfg = Debug|Any CPU
		{96AD2BC4-E1BD-47C8-B826-C3076B8FFCDB}.Debug|Any CPU.Build.0 = Debug|Any CPU
		{96AD2BC4-E1BD-47C8-B826-C3076B8FFCDB}.Release|Any CPU.ActiveCfg = Release|Any CPU
		{96AD2BC4-E1BD-47C8-B826-C3076B8FFCDB}.Release|Any CPU.Build.0 = Release|Any CPU
	EndGlobalSection
	GlobalSection(SolutionProperties) = preSolution
		HideSolutionNode = FALSE
	EndGlobalSection
	GlobalSection(ExtensibilityGlobals) = postSolution
		SolutionGuid = {10E648ED-AE6E-4127-9B81-925021425453}
	EndGlobalSection
EndGlobal
